
Microsoft Visual Studio Solution File, Format Version 12.00
# Visual Studio Version 17
VisualStudioVersion = 17.7.34202.233
MinimumVisualStudioVersion = 10.0.40219.1
Project("{9A19103F-16F7-4668-BE54-9A1E7A4F7556}") = "UmbrellaOS", "UmbrellaOS\UmbrellaOS.csproj", "{12B91BC0-F67A-4D0A-B463-1B1A71B7A053}"
EndProject
Project("{9A19103F-16F7-4668-BE54-9A1E7A4F7556}") = "UmbrellaOS.Sandbox", "UmbrellaOS.Sandbox\UmbrellaOS.Sandbox.csproj", "{F6E0B676-D38A-4A76-A659-CB45241AB286}"
EndProject
Project("{9A19103F-16F7-4668-BE54-9A1E7A4F7556}") = "UmbrellaOS.Tests", "UmbrellaOS.Tests\UmbrellaOS.Tests.csproj", "{59191E9F-9C9E-4485-A34E-506802B062CC}"
EndProject
Project("{9A19103F-16F7-4668-BE54-9A1E7A4F7556}") = "UmbrellaOS.Analysis", "UmbrellaOS.Analysis\UmbrellaOS.Analysis.csproj", "{3740268A-841D-47E3-9C0E-31FA9613458F}"
EndProject
Global
	GlobalSection(SolutionConfigurationPlatforms) = preSolution
		Debug|Any CPU = Debug|Any CPU
		Release|Any CPU = Release|Any CPU
	EndGlobalSection
	GlobalSection(ProjectConfigurationPlatforms) = postSolution
		{12B91BC0-F67A-4D0A-B463-1B1A71B7A053}.Debug|Any CPU.ActiveCfg = Debug|Any CPU
		{12B91BC0-F67A-4D0A-B463-1B1A71B7A053}.Debug|Any CPU.Build.0 = Debug|Any CPU
		{12B91BC0-F67A-4D0A-B463-1B1A71B7A053}.Release|Any CPU.ActiveCfg = Release|Any CPU
		{12B91BC0-F67A-4D0A-B463-1B1A71B7A053}.Release|Any CPU.Build.0 = Release|Any CPU
		{F6E0B676-D38A-4A76-A659-CB45241AB286}.Debug|Any CPU.ActiveCfg = Debug|Any CPU
		{F6E0B676-D38A-4A76-A659-CB45241AB286}.Debug|Any CPU.Build.0 = Debug|Any CPU
		{F6E0B676-D38A-4A76-A659-CB45241AB286}.Release|Any CPU.ActiveCfg = Release|Any CPU
		{F6E0B676-D38A-4A76-A659-CB45241AB286}.Release|Any CPU.Build.0 = Release|Any CPU
		{59191E9F-9C9E-4485-A34E-506802B062CC}.Debug|Any CPU.ActiveCfg = Debug|Any CPU
		{59191E9F-9C9E-4485-A34E-506802B062CC}.Debug|Any CPU.Build.0 = Debug|Any CPU
		{59191E9F-9C9E-4485-A34E-506802B062CC}.Release|Any CPU.ActiveCfg = Release|Any CPU
		{59191E9F-9C9E-4485-A34E-506802B062CC}.Release|Any CPU.Build.0 = Release|Any CPU
		{3740268A-841D-47E3-9C0E-31FA9613458F}.Debug|Any CPU.ActiveCfg = Debug|Any CPU
		{3740268A-841D-47E3-9C0E-31FA9613458F}.Debug|Any CPU.Build.0 = Debug|Any CPU
		{3740268A-841D-47E3-9C0E-31FA9613458F}.Release|Any CPU.ActiveCfg = Release|Any CPU
		{3740268A-841D-47E3-9C0E-31FA9613458F}.Release|Any CPU.Build.0 = Release|Any CPU
	EndGlobalSection
	GlobalSection(SolutionProperties) = preSolution
		HideSolutionNode = FALSE
	EndGlobalSection
	GlobalSection(ExtensibilityGlobals) = postSolution
		SolutionGuid = {ABD4534A-A0A2-4BBF-8268-394D3D083A73}
	EndGlobalSection
EndGlobal
